# generated by rye
# use `rye lock` or `rye sync` to update this lockfile
#
# last locked with the following flags:
#   pre: false
#   features: []
#   all-features: false
#   with-sources: false
#   generate-hashes: false

-e file:.
aiohappyeyeballs==2.4.3
    # via aiohttp
aiohttp==3.10.5
    # via cue
aiosignal==1.3.1
    # via aiohttp
annotated-types==0.7.0
    # via pydantic
anthropic==0.39.0
    # via cue
anyio==4.6.2.post1
    # via anthropic
    # via httpx
    # via openai
async-timeout==4.0.3
    # via aiohttp
    # via asyncpg
asyncpg==0.29.0
    # via cue
attrs==24.2.0
    # via aiohttp
beautifulsoup4==4.12.3
    # via bs4
blobfile==2.1.1
    # via cue
bs4==0.0.1
    # via cue
cachetools==5.5.0
    # via google-auth
certifi==2024.8.30
    # via httpcore
    # via httpx
    # via requests
charset-normalizer==3.4.0
    # via requests
click==8.1.7
    # via duckduckgo-search
distro==1.9.0
    # via anthropic
    # via openai
docker==7.1.0
    # via cue
duckduckgo-search==6.1.12
    # via cue
exceptiongroup==1.2.2
    # via anyio
filelock==3.16.1
    # via blobfile
frozenlist==1.5.0
    # via aiohttp
    # via aiosignal
google-api-core==2.22.0
    # via google-api-python-client
google-api-python-client==2.137.0
    # via cue
google-auth==2.31.0
    # via cue
    # via google-api-core
    # via google-api-python-client
    # via google-auth-httplib2
    # via google-auth-oauthlib
google-auth-httplib2==0.2.0
    # via google-api-python-client
google-auth-oauthlib==1.2.1
    # via cue
googleapis-common-protos==1.65.0
    # via google-api-core
greenlet==3.1.1
    # via cue
h11==0.14.0
    # via httpcore
httpcore==1.0.6
    # via httpx
httplib2==0.22.0
    # via google-api-python-client
    # via google-auth-httplib2
httpx==0.27.2
    # via anthropic
    # via openai
idna==3.10
    # via anyio
    # via httpx
    # via requests
    # via yarl
jiter==0.7.0
    # via anthropic
    # via openai
lxml==4.9.4
    # via blobfile
markdown-it-py==3.0.0
    # via rich
mdurl==0.1.2
    # via markdown-it-py
mouseinfo==0.1.3
    # via pyautogui
multidict==6.1.0
    # via aiohttp
    # via yarl
numpy==2.0.2
    # via opencv-python
oauthlib==3.2.2
    # via requests-oauthlib
openai==1.54.1
    # via cue
opencv-python==4.10.0.84
    # via cue
packaging==24.2
    # via pytesseract
pillow==11.0.0
    # via cue
    # via pyscreeze
    # via pytesseract
propcache==0.2.0
    # via yarl
proto-plus==1.25.0
    # via google-api-core
protobuf==5.28.3
    # via google-api-core
    # via googleapis-common-protos
    # via proto-plus
psutil==6.1.0
    # via cue
psycopg2-binary==2.9.9
    # via cue
pyasn1==0.6.1
    # via pyasn1-modules
    # via rsa
pyasn1-modules==0.4.1
    # via google-auth
pyautogui==0.9.54
    # via cue
pycryptodomex==3.21.0
    # via blobfile
pydantic==2.7.0
    # via anthropic
    # via cue
    # via openai
    # via pydantic-settings
pydantic-core==2.18.1
    # via pydantic
pydantic-settings==2.2.1
    # via cue
pygetwindow==0.0.9
    # via pyautogui
pygments==2.18.0
    # via rich
pymsgbox==1.0.9
    # via pyautogui
pyobjc-core==10.3.1
    # via pyautogui
    # via pyobjc-framework-cocoa
    # via pyobjc-framework-quartz
pyobjc-framework-cocoa==10.3.1
    # via pyobjc-framework-quartz
pyobjc-framework-quartz==10.3.1
    # via pyautogui
pyparsing==3.2.0
    # via httplib2
pypdf==4.3.1
    # via cue
pyperclip==1.9.0
    # via mouseinfo
pyrect==0.2.0
    # via pygetwindow
pyreqwest-impersonate==0.5.3
    # via duckduckgo-search
pyscreeze==1.0.1
    # via pyautogui
pytesseract==0.3.13
    # via cue
python-dotenv==1.0.0
    # via cue
    # via pydantic-settings
pytweening==1.2.0
    # via pyautogui
regex==2024.11.6
    # via tiktoken
requests==2.32.3
    # via cue
    # via docker
    # via google-api-core
    # via requests-oauthlib
    # via tiktoken
requests-oauthlib==2.0.0
    # via google-auth-oauthlib
rich==13.7.1
    # via cue
rsa==4.9
    # via google-auth
rubicon-objc==0.4.9
    # via mouseinfo
sniffio==1.3.1
    # via anthropic
    # via anyio
    # via httpx
    # via openai
soupsieve==2.6
    # via beautifulsoup4
sqlalchemy==2.0.30
    # via cue
tenacity==9.0.0
    # via cue
tiktoken==0.8.0
    # via cue
tqdm==4.67.0
    # via cue
    # via openai
typing-extensions==4.12.2
    # via anthropic
    # via anyio
    # via multidict
    # via openai
    # via pydantic
    # via pydantic-core
    # via pypdf
    # via sqlalchemy
uritemplate==4.1.1
    # via google-api-python-client
urllib3==2.2.3
    # via blobfile
    # via docker
    # via requests
websockets==14.0
    # via cue
yarl==1.17.1
    # via aiohttp
