# generated by rye
# use `rye lock` or `rye sync` to update this lockfile
#
# last locked with the following flags:
#   pre: false
#   features: []
#   all-features: false
#   with-sources: false
#   generate-hashes: false

-e file:.
annotated-types==0.7.0
    # via pydantic
anyio==4.4.0
    # via httpx
    # via openai
async-timeout==4.0.3
    # via asyncpg
asyncpg==0.29.0
    # via mini-agent
blobfile==2.1.1
    # via mini-agent
certifi==2024.6.2
    # via httpcore
    # via httpx
distro==1.9.0
    # via openai
filelock==3.15.4
    # via blobfile
h11==0.14.0
    # via httpcore
httpcore==1.0.5
    # via httpx
httpx==0.27.0
    # via openai
idna==3.7
    # via anyio
    # via httpx
lxml==4.9.4
    # via blobfile
openai==1.23.0
    # via mini-agent
psycopg2==2.9.9
    # via mini-agent
pycryptodomex==3.20.0
    # via blobfile
pydantic==2.7.0
    # via mini-agent
    # via openai
    # via pydantic-settings
pydantic-core==2.18.1
    # via pydantic
pydantic-settings==2.2.1
    # via mini-agent
python-dotenv==1.0.0
    # via mini-agent
    # via pydantic-settings
sniffio==1.3.1
    # via anyio
    # via httpx
    # via openai
sqlalchemy==2.0.30
    # via mini-agent
tqdm==4.66.4
    # via openai
typing-extensions==4.12.2
    # via openai
    # via pydantic
    # via pydantic-core
    # via sqlalchemy
urllib3==2.2.2
    # via blobfile
